
Microsoft Visual Studio Solution File, Format Version 12.00
# Visual Studio Version 17
VisualStudioVersion = 17.0.32126.317
MinimumVisualStudioVersion = 10.0.40219.1
Project("{9A19103F-16F7-4668-BE54-9A1E7A4F7556}") = "my-installer", "my-installer.csproj", "{49A67897-A188-4EF8-A80C-36DA49B1FAB1}"
EndProject
Global
	GlobalSection(SolutionConfigurationPlatforms) = preSolution
		Debug|Any CPU = Debug|Any CPU
		Release|Any CPU = Release|Any CPU
	EndGlobalSection
	GlobalSection(ProjectConfigurationPlatforms) = postSolution
		{49A67897-A188-4EF8-A80C-36DA49B1FAB1}.Debug|Any CPU.ActiveCfg = Debug|Any CPU
		{49A67897-A188-4EF8-A80C-36DA49B1FAB1}.Debug|Any CPU.Build.0 = Debug|Any CPU
		{49A67897-A188-4EF8-A80C-36DA49B1FAB1}.Release|Any CPU.ActiveCfg = Release|Any CPU
		{49A67897-A188-4EF8-A80C-36DA49B1FAB1}.Release|Any CPU.Build.0 = Release|Any CPU
	EndGlobalSection
	GlobalSection(SolutionProperties) = preSolution
		HideSolutionNode = FALSE
	EndGlobalSection
	GlobalSection(ExtensibilityGlobals) = postSolution
		SolutionGuid = {7F3C11AB-0420-454C-8EDC-078B0FEC964A}
	EndGlobalSection
EndGlobal
